
Microsoft Visual Studio Solution File, Format Version 12.00
# Visual Studio 15
VisualStudioVersion = 15.0.28307.438
MinimumVisualStudioVersion = 10.0.40219.1
Project("{8BC9CEB8-8B4A-11D0-8D11-00A0C91BC942}") = "WordCount", "WordCount\WordCount.vcxproj", "{9A93C169-57F6-48CF-97B4-D31042355FFA}"
EndProject
Global
	GlobalSection(SolutionConfigurationPlatforms) = preSolution
		Debug|x64 = Debug|x64
		Debug|x86 = Debug|x86
		Release|x64 = Release|x64
		Release|x86 = Release|x86
	EndGlobalSection
	GlobalSection(ProjectConfigurationPlatforms) = postSolution
		{9A93C169-57F6-48CF-97B4-D31042355FFA}.Debug|x64.ActiveCfg = Debug|x64
		{9A93C169-57F6-48CF-97B4-D31042355FFA}.Debug|x64.Build.0 = Debug|x64
		{9A93C169-57F6-48CF-97B4-D31042355FFA}.Debug|x86.ActiveCfg = Debug|Win32
		{9A93C169-57F6-48CF-97B4-D31042355FFA}.Debug|x86.Build.0 = Debug|Win32
		{9A93C169-57F6-48CF-97B4-D31042355FFA}.Release|x64.ActiveCfg = Release|x64
		{9A93C169-57F6-48CF-97B4-D31042355FFA}.Release|x64.Build.0 = Release|x64
		{9A93C169-57F6-48CF-97B4-D31042355FFA}.Release|x86.ActiveCfg = Release|Win32
		{9A93C169-57F6-48CF-97B4-D31042355FFA}.Release|x86.Build.0 = Release|Win32
	EndGlobalSection
	GlobalSection(SolutionProperties) = preSolution
		HideSolutionNode = FALSE
	EndGlobalSection
	GlobalSection(ExtensibilityGlobals) = postSolution
		SolutionGuid = {F74D9BE2-36C3-4096-AD45-C79C9EAD4DCD}
	EndGlobalSection
EndGlobal
